
Microsoft Visual Studio Solution File, Format Version 12.00
# Visual Studio 15
VisualStudioVersion = 15.0.28307.489
MinimumVisualStudioVersion = 10.0.40219.1
Project("{FAE04EC0-301F-11D3-BF4B-00C04F79EFBC}") = "Bank Account system", "Bank Account system\Bank Account system.csproj", "{6F4772EE-DBD1-4504-8F28-16F2EF8DF142}"
EndProject
Global
	GlobalSection(SolutionConfigurationPlatforms) = preSolution
		Debug|Any CPU = Debug|Any CPU
		Release|Any CPU = Release|Any CPU
	EndGlobalSection
	GlobalSection(ProjectConfigurationPlatforms) = postSolution
		{6F4772EE-DBD1-4504-8F28-16F2EF8DF142}.Debug|Any CPU.ActiveCfg = Debug|Any CPU
		{6F4772EE-DBD1-4504-8F28-16F2EF8DF142}.Debug|Any CPU.Build.0 = Debug|Any CPU
		{6F4772EE-DBD1-4504-8F28-16F2EF8DF142}.Release|Any CPU.ActiveCfg = Release|Any CPU
		{6F4772EE-DBD1-4504-8F28-16F2EF8DF142}.Release|Any CPU.Build.0 = Release|Any CPU
	EndGlobalSection
	GlobalSection(SolutionProperties) = preSolution
		HideSolutionNode = FALSE
	EndGlobalSection
	GlobalSection(ExtensibilityGlobals) = postSolution
		SolutionGuid = {7F6F70E4-3672-4BF1-9AF2-6CC3631A1986}
	EndGlobalSection
EndGlobal
